
Microsoft Visual Studio Solution File, Format Version 12.00
# Visual Studio 2013
VisualStudioVersion = 12.0.21005.1
MinimumVisualStudioVersion = 10.0.40219.1
Project("{8BC9CEB8-8B4A-11D0-8D11-00A0C91BC942}") = "test_4_1(2)", "test_4_1(2)\test_4_1(2).vcxproj", "{6D876F51-690D-4113-8F43-A8E813CD5645}"
EndProject
Global
	GlobalSection(SolutionConfigurationPlatforms) = preSolution
		Debug|Win32 = Debug|Win32
		Release|Win32 = Release|Win32
	EndGlobalSection
	GlobalSection(ProjectConfigurationPlatforms) = postSolution
		{6D876F51-690D-4113-8F43-A8E813CD5645}.Debug|Win32.ActiveCfg = Debug|Win32
		{6D876F51-690D-4113-8F43-A8E813CD5645}.Debug|Win32.Build.0 = Debug|Win32
		{6D876F51-690D-4113-8F43-A8E813CD5645}.Release|Win32.ActiveCfg = Release|Win32
		{6D876F51-690D-4113-8F43-A8E813CD5645}.Release|Win32.Build.0 = Release|Win32
	EndGlobalSection
	GlobalSection(SolutionProperties) = preSolution
		HideSolutionNode = FALSE
	EndGlobalSection
EndGlobal
